
Microsoft Visual Studio Solution File, Format Version 12.00
# Visual Studio 15
VisualStudioVersion = 15.0.26124.0
MinimumVisualStudioVersion = 15.0.26124.0
Project("{FAE04EC0-301F-11D3-BF4B-00C04F79EFBC}") = "markdown-composer", "markdown-composer.csproj", "{5449D014-CB4D-41AB-927F-21AB4D4B2351}"
EndProject
Project("{FAE04EC0-301F-11D3-BF4B-00C04F79EFBC}") = "markdown-composer-tests", "tests\markdown-composer-tests.csproj", "{437789B9-E66A-486A-93B2-42791EB52611}"
EndProject
Global
	GlobalSection(SolutionConfigurationPlatforms) = preSolution
		Debug|Any CPU = Debug|Any CPU
		Debug|x64 = Debug|x64
		Debug|x86 = Debug|x86
		Release|Any CPU = Release|Any CPU
		Release|x64 = Release|x64
		Release|x86 = Release|x86
	EndGlobalSection
	GlobalSection(SolutionProperties) = preSolution
		HideSolutionNode = FALSE
	EndGlobalSection
	GlobalSection(ProjectConfigurationPlatforms) = postSolution
		{5449D014-CB4D-41AB-927F-21AB4D4B2351}.Debug|Any CPU.ActiveCfg = Debug|Any CPU
		{5449D014-CB4D-41AB-927F-21AB4D4B2351}.Debug|Any CPU.Build.0 = Debug|Any CPU
		{5449D014-CB4D-41AB-927F-21AB4D4B2351}.Debug|x64.ActiveCfg = Debug|Any CPU
		{5449D014-CB4D-41AB-927F-21AB4D4B2351}.Debug|x64.Build.0 = Debug|Any CPU
		{5449D014-CB4D-41AB-927F-21AB4D4B2351}.Debug|x86.ActiveCfg = Debug|Any CPU
		{5449D014-CB4D-41AB-927F-21AB4D4B2351}.Debug|x86.Build.0 = Debug|Any CPU
		{5449D014-CB4D-41AB-927F-21AB4D4B2351}.Release|Any CPU.ActiveCfg = Release|Any CPU
		{5449D014-CB4D-41AB-927F-21AB4D4B2351}.Release|Any CPU.Build.0 = Release|Any CPU
		{5449D014-CB4D-41AB-927F-21AB4D4B2351}.Release|x64.ActiveCfg = Release|Any CPU
		{5449D014-CB4D-41AB-927F-21AB4D4B2351}.Release|x64.Build.0 = Release|Any CPU
		{5449D014-CB4D-41AB-927F-21AB4D4B2351}.Release|x86.ActiveCfg = Release|Any CPU
		{5449D014-CB4D-41AB-927F-21AB4D4B2351}.Release|x86.Build.0 = Release|Any CPU
		{437789B9-E66A-486A-93B2-42791EB52611}.Debug|Any CPU.ActiveCfg = Debug|Any CPU
		{437789B9-E66A-486A-93B2-42791EB52611}.Debug|Any CPU.Build.0 = Debug|Any CPU
		{437789B9-E66A-486A-93B2-42791EB52611}.Debug|x64.ActiveCfg = Debug|Any CPU
		{437789B9-E66A-486A-93B2-42791EB52611}.Debug|x64.Build.0 = Debug|Any CPU
		{437789B9-E66A-486A-93B2-42791EB52611}.Debug|x86.ActiveCfg = Debug|Any CPU
		{437789B9-E66A-486A-93B2-42791EB52611}.Debug|x86.Build.0 = Debug|Any CPU
		{437789B9-E66A-486A-93B2-42791EB52611}.Release|Any CPU.ActiveCfg = Release|Any CPU
		{437789B9-E66A-486A-93B2-42791EB52611}.Release|Any CPU.Build.0 = Release|Any CPU
		{437789B9-E66A-486A-93B2-42791EB52611}.Release|x64.ActiveCfg = Release|Any CPU
		{437789B9-E66A-486A-93B2-42791EB52611}.Release|x64.Build.0 = Release|Any CPU
		{437789B9-E66A-486A-93B2-42791EB52611}.Release|x86.ActiveCfg = Release|Any CPU
		{437789B9-E66A-486A-93B2-42791EB52611}.Release|x86.Build.0 = Release|Any CPU
	EndGlobalSection
EndGlobal
